// !$*UTF8*$!
{
	archiveVersion = 1;
	classes = {
	};
	objectVersion = 50;
	objects = {

/* Begin PBXBuildFile section */
		CC7DB5B525FF7DCB0094AAB8 /* FavoriteButton.swift in Sources */ = {isa = PBXBuildFile; fileRef = CC7DB5B425FF7DCB0094AAB8 /* FavoriteButton.swift */; };
		CCBFE07D25C9F7C600CC4C90 /* CircleImage.swift in Sources */ = {isa = PBXBuildFile; fileRef = CCBFE07C25C9F7C600CC4C90 /* CircleImage.swift */; };
		CCBFE08225C9F94300CC4C90 /* MapView.swift in Sources */ = {isa = PBXBuildFile; fileRef = CCBFE08125C9F94300CC4C90 /* MapView.swift */; };
		CCD561E225C1F758008449F9 /* LandmarksApp.swift in Sources */ = {isa = PBXBuildFile; fileRef = CCD561E125C1F758008449F9 /* LandmarksApp.swift */; };
		CCD561E425C1F758008449F9 /* ContentView.swift in Sources */ = {isa = PBXBuildFile; fileRef = CCD561E325C1F758008449F9 /* ContentView.swift */; };
		CCD561E625C1F75C008449F9 /* Assets.xcassets in Resources */ = {isa = PBXBuildFile; fileRef = CCD561E525C1F75C008449F9 /* Assets.xcassets */; };
		CCD561E925C1F75C008449F9 /* Preview Assets.xcassets in Resources */ = {isa = PBXBuildFile; fileRef = CCD561E825C1F75C008449F9 /* Preview Assets.xcassets */; };
		CCD561F425C1F75C008449F9 /* LandmarksTests.swift in Sources */ = {isa = PBXBuildFile; fileRef = CCD561F325C1F75C008449F9 /* LandmarksTests.swift */; };
		CCD561FF25C1F75C008449F9 /* LandmarksUITests.swift in Sources */ = {isa = PBXBuildFile; fileRef = CCD561FE25C1F75C008449F9 /* LandmarksUITests.swift */; };
		CCF2445525E47230006B94F5 /* landmarkData.json in Resources */ = {isa = PBXBuildFile; fileRef = CCF2445425E47230006B94F5 /* landmarkData.json */; };
		CCF2445A25E4724E006B94F5 /* Landmark.swift in Sources */ = {isa = PBXBuildFile; fileRef = CCF2445925E4724E006B94F5 /* Landmark.swift */; };
		CCF2445F25E47528006B94F5 /* ModelData.swift in Sources */ = {isa = PBXBuildFile; fileRef = CCF2445E25E47528006B94F5 /* ModelData.swift */; };
		CCF2446925E477C1006B94F5 /* LandmarkRow.swift in Sources */ = {isa = PBXBuildFile; fileRef = CCF2446825E477C1006B94F5 /* LandmarkRow.swift */; };
		CCF2447125ED298B006B94F5 /* LandmarkList.swift in Sources */ = {isa = PBXBuildFile; fileRef = CCF2447025ED298B006B94F5 /* LandmarkList.swift */; };
		CCF2447625ED2C88006B94F5 /* LandmarkDetail.swift in Sources */ = {isa = PBXBuildFile; fileRef = CCF2447525ED2C88006B94F5 /* LandmarkDetail.swift */; };
/* End PBXBuildFile section */

/* Begin PBXContainerItemProxy section */
		CCD561F025C1F75C008449F9 /* PBXContainerItemProxy */ = {
			isa = PBXContainerItemProxy;
			containerPortal = CCD561D625C1F758008449F9 /* Project object */;
			proxyType = 1;
			remoteGlobalIDString = CCD561DD25C1F758008449F9;
			remoteInfo = Landmarks;
		};
		CCD561FB25C1F75C008449F9 /* PBXContainerItemProxy */ = {
			isa = PBXContainerItemProxy;
			containerPortal = CCD561D625C1F758008449F9 /* Project object */;
			proxyType = 1;
			remoteGlobalIDString = CCD561DD25C1F758008449F9;
			remoteInfo = Landmarks;
		};
/* End PBXContainerItemProxy section */

/* Begin PBXFileReference section */
		CC7DB5B425FF7DCB0094AAB8 /* FavoriteButton.swift */ = {isa = PBXFileReference; lastKnownFileType = sourcecode.swift; path = FavoriteButton.swift; sourceTree = "<group>"; };
		CCBFE07C25C9F7C600CC4C90 /* CircleImage.swift */ = {isa = PBXFileReference; lastKnownFileType = sourcecode.swift; path = CircleImage.swift; sourceTree = "<group>"; };
		CCBFE08125C9F94300CC4C90 /* MapView.swift */ = {isa = PBXFileReference; lastKnownFileType = sourcecode.swift; path = MapView.swift; sourceTree = "<group>"; };
		CCD561DE25C1F758008449F9 /* Landmarks.app */ = {isa = PBXFileReference; explicitFileType = wrapper.application; includeInIndex = 0; path = Landmarks.app; sourceTree = BUILT_PRODUCTS_DIR; };
		CCD561E125C1F758008449F9 /* LandmarksApp.swift */ = {isa = PBXFileReference; lastKnownFileType = sourcecode.swift; path = LandmarksApp.swift; sourceTree = "<group>"; };
		CCD561E325C1F758008449F9 /* ContentView.swift */ = {isa = PBXFileReference; lastKnownFileType = sourcecode.swift; path = ContentView.swift; sourceTree = "<group>"; };
		CCD561E525C1F75C008449F9 /* Assets.xcassets */ = {isa = PBXFileReference; lastKnownFileType = folder.assetcatalog; path = Assets.xcassets; sourceTree = "<group>"; };
		CCD561E825C1F75C008449F9 /* Preview Assets.xcassets */ = {isa = PBXFileReference; lastKnownFileType = folder.assetcatalog; path = "Preview Assets.xcassets"; sourceTree = "<group>"; };
		CCD561EA25C1F75C008449F9 /* Info.plist */ = {isa = PBXFileReference; lastKnownFileType = text.plist.xml; path = Info.plist; sourceTree = "<group>"; };
		CCD561EF25C1F75C008449F9 /* LandmarksTests.xctest */ = {isa = PBXFileReference; explicitFileType = wrapper.cfbundle; includeInIndex = 0; path = LandmarksTests.xctest; sourceTree = BUILT_PRODUCTS_DIR; };
		CCD561F325C1F75C008449F9 /* LandmarksTests.swift */ = {isa = PBXFileReference; lastKnownFileType = sourcecode.swift; path = LandmarksTests.swift; sourceTree = "<group>"; };
		CCD561F525C1F75C008449F9 /* Info.plist */ = {isa = PBXFileReference; lastKnownFileType = text.plist.xml; path = Info.plist; sourceTree = "<group>"; };
		CCD561FA25C1F75C008449F9 /* LandmarksUITests.xctest */ = {isa = PBXFileReference; explicitFileType = wrapper.cfbundle; includeInIndex = 0; path = LandmarksUITests.xctest; sourceTree = BUILT_PRODUCTS_DIR; };
		CCD561FE25C1F75C008449F9 /* LandmarksUITests.swift */ = {isa = PBXFileReference; lastKnownFileType = sourcecode.swift; path = LandmarksUITests.swift; sourceTree = "<group>"; };
		CCD5620025C1F75C008449F9 /* Info.plist */ = {isa = PBXFileReference; lastKnownFileType = text.plist.xml; path = Info.plist; sourceTree = "<group>"; };
		CCF2445425E47230006B94F5 /* landmarkData.json */ = {isa = PBXFileReference; fileEncoding = 4; lastKnownFileType = text.json; path = landmarkData.json; sourceTree = "<group>"; };
		CCF2445925E4724E006B94F5 /* Landmark.swift */ = {isa = PBXFileReference; lastKnownFileType = sourcecode.swift; path = Landmark.swift; sourceTree = "<group>"; };
		CCF2445E25E47528006B94F5 /* ModelData.swift */ = {isa = PBXFileReference; lastKnownFileType = sourcecode.swift; path = ModelData.swift; sourceTree = "<group>"; };
		CCF2446825E477C1006B94F5 /* LandmarkRow.swift */ = {isa = PBXFileReference; lastKnownFileType = sourcecode.swift; path = LandmarkRow.swift; sourceTree = "<group>"; };
		CCF2447025ED298B006B94F5 /* LandmarkList.swift */ = {isa = PBXFileReference; lastKnownFileType = sourcecode.swift; path = LandmarkList.swift; sourceTree = "<group>"; };
		CCF2447525ED2C88006B94F5 /* LandmarkDetail.swift */ = {isa = PBXFileReference; lastKnownFileType = sourcecode.swift; path = LandmarkDetail.swift; sourceTree = "<group>"; };
/* End PBXFileReference section */

/* Begin PBXFrameworksBuildPhase section */
		CCD561DB25C1F758008449F9 /* Frameworks */ = {
			isa = PBXFrameworksBuildPhase;
			buildActionMask = 2147483647;
			files = (
			);
			runOnlyForDeploymentPostprocessing = 0;
		};
		CCD561EC25C1F75C008449F9 /* Frameworks */ = {
			isa = PBXFrameworksBuildPhase;
			buildActionMask = 2147483647;
			files = (
			);
			runOnlyForDeploymentPostprocessing = 0;
		};
		CCD561F725C1F75C008449F9 /* Frameworks */ = {
			isa = PBXFrameworksBuildPhase;
			buildActionMask = 2147483647;
			files = (
			);
			runOnlyForDeploymentPostprocessing = 0;
		};
/* End PBXFrameworksBuildPhase section */

/* Begin PBXGroup section */
		CC7DB5B925FF80380094AAB8 /* Helpers */ = {
			isa = PBXGroup;
			children = (
				CCBFE08125C9F94300CC4C90 /* MapView.swift */,
				CCBFE07C25C9F7C600CC4C90 /* CircleImage.swift */,
				CC7DB5B425FF7DCB0094AAB8 /* FavoriteButton.swift */,
			);
			path = Helpers;
			sourceTree = "<group>";
		};
		CC7DB5BD25FF80490094AAB8 /* Landmarks */ = {
			isa = PBXGroup;
			children = (
				CCF2446825E477C1006B94F5 /* LandmarkRow.swift */,
				CCF2447025ED298B006B94F5 /* LandmarkList.swift */,
				CCF2447525ED2C88006B94F5 /* LandmarkDetail.swift */,
			);
			path = Landmarks;
			sourceTree = "<group>";
		};
		CCD561D525C1F758008449F9 = {
			isa = PBXGroup;
			children = (
				CCF2446725E476BB006B94F5 /* Resources */,
				CCF2446625E476A6006B94F5 /* Model */,
				CCF2446525E47680006B94F5 /* Views */,
				CCD561E025C1F758008449F9 /* Landmarks */,
				CCD561F225C1F75C008449F9 /* LandmarksTests */,
				CCD561FD25C1F75C008449F9 /* LandmarksUITests */,
				CCD561DF25C1F758008449F9 /* Products */,
			);
			sourceTree = "<group>";
		};
		CCD561DF25C1F758008449F9 /* Products */ = {
			isa = PBXGroup;
			children = (
				CCD561DE25C1F758008449F9 /* Landmarks.app */,
				CCD561EF25C1F75C008449F9 /* LandmarksTests.xctest */,
				CCD561FA25C1F75C008449F9 /* LandmarksUITests.xctest */,
			);
			name = Products;
			sourceTree = "<group>";
		};
		CCD561E025C1F758008449F9 /* Landmarks */ = {
			isa = PBXGroup;
			children = (
				CCD561E125C1F758008449F9 /* LandmarksApp.swift */,
				CCD561E525C1F75C008449F9 /* Assets.xcassets */,
				CCD561EA25C1F75C008449F9 /* Info.plist */,
				CCD561E725C1F75C008449F9 /* Preview Content */,
			);
			path = Landmarks;
			sourceTree = "<group>";
		};
		CCD561E725C1F75C008449F9 /* Preview Content */ = {
			isa = PBXGroup;
			children = (
				CCD561E825C1F75C008449F9 /* Preview Assets.xcassets */,
			);
			path = "Preview Content";
			sourceTree = "<group>";
		};
		CCD561F225C1F75C008449F9 /* LandmarksTests */ = {
			isa = PBXGroup;
			children = (
				CCD561F325C1F75C008449F9 /* LandmarksTests.swift */,
				CCD561F525C1F75C008449F9 /* Info.plist */,
			);
			path = LandmarksTests;
			sourceTree = "<group>";
		};
		CCD561FD25C1F75C008449F9 /* LandmarksUITests */ = {
			isa = PBXGroup;
			children = (
				CCD561FE25C1F75C008449F9 /* LandmarksUITests.swift */,
				CCD5620025C1F75C008449F9 /* Info.plist */,
			);
			path = LandmarksUITests;
			sourceTree = "<group>";
		};
		CCF2446525E47680006B94F5 /* Views */ = {
			isa = PBXGroup;
			children = (
				CC7DB5B925FF80380094AAB8 /* Helpers */,
				CCD561E325C1F758008449F9 /* ContentView.swift */,
				CC7DB5BD25FF80490094AAB8 /* Landmarks */,
			);
			path = Views;
			sourceTree = "<group>";
		};
		CCF2446625E476A6006B94F5 /* Model */ = {
			isa = PBXGroup;
			children = (
				CCF2445925E4724E006B94F5 /* Landmark.swift */,
				CCF2445E25E47528006B94F5 /* ModelData.swift */,
			);
			path = Model;
			sourceTree = "<group>";
		};
		CCF2446725E476BB006B94F5 /* Resources */ = {
			isa = PBXGroup;
			children = (
				CCF2445425E47230006B94F5 /* landmarkData.json */,
			);
			path = Resources;
			sourceTree = "<group>";
		};
/* End PBXGroup section */

/* Begin PBXNativeTarget section */
		CCD561DD25C1F758008449F9 /* Landmarks */ = {
			isa = PBXNativeTarget;
			buildConfigurationList = CCD5620325C1F75C008449F9 /* Build configuration list for PBXNativeTarget "Landmarks" */;
			buildPhases = (
				CCD561DA25C1F758008449F9 /* Sources */,
				CCD561DB25C1F758008449F9 /* Frameworks */,
				CCD561DC25C1F758008449F9 /* Resources */,
			);
			buildRules = (
			);
			dependencies = (
			);
			name = Landmarks;
			productName = Landmarks;
			productReference = CCD561DE25C1F758008449F9 /* Landmarks.app */;
			productType = "com.apple.product-type.application";
		};
		CCD561EE25C1F75C008449F9 /* LandmarksTests */ = {
			isa = PBXNativeTarget;
			buildConfigurationList = CCD5620625C1F75C008449F9 /* Build configuration list for PBXNativeTarget "LandmarksTests" */;
			buildPhases = (
				CCD561EB25C1F75C008449F9 /* Sources */,
				CCD561EC25C1F75C008449F9 /* Frameworks */,
				CCD561ED25C1F75C008449F9 /* Resources */,
			);
			buildRules = (
			);
			dependencies = (
				CCD561F125C1F75C008449F9 /* PBXTargetDependency */,
			);
			name = LandmarksTests;
			productName = LandmarksTests;
			productReference = CCD561EF25C1F75C008449F9 /* LandmarksTests.xctest */;
			productType = "com.apple.product-type.bundle.unit-test";
		};
		CCD561F925C1F75C008449F9 /* LandmarksUITests */ = {
			isa = PBXNativeTarget;
			buildConfigurationList = CCD5620925C1F75C008449F9 /* Build configuration list for PBXNativeTarget "LandmarksUITests" */;
			buildPhases = (
				CCD561F625C1F75C008449F9 /* Sources */,
				CCD561F725C1F75C008449F9 /* Frameworks */,
				CCD561F825C1F75C008449F9 /* Resources */,
			);
			buildRules = (
			);
			dependencies = (
				CCD561FC25C1F75C008449F9 /* PBXTargetDependency */,
			);
			name = LandmarksUITests;
			productName = LandmarksUITests;
			productReference = CCD561FA25C1F75C008449F9 /* LandmarksUITests.xctest */;
			productType = "com.apple.product-type.bundle.ui-testing";
		};
/* End PBXNativeTarget section */

/* Begin PBXProject section */
		CCD561D625C1F758008449F9 /* Project object */ = {
			isa = PBXProject;
			attributes = {
				LastSwiftUpdateCheck = 1230;
				LastUpgradeCheck = 1230;
				TargetAttributes = {
					CCD561DD25C1F758008449F9 = {
						CreatedOnToolsVersion = 12.3;
					};
					CCD561EE25C1F75C008449F9 = {
						CreatedOnToolsVersion = 12.3;
						TestTargetID = CCD561DD25C1F758008449F9;
					};
					CCD561F925C1F75C008449F9 = {
						CreatedOnToolsVersion = 12.3;
						TestTargetID = CCD561DD25C1F758008449F9;
					};
				};
			};
			buildConfigurationList = CCD561D925C1F758008449F9 /* Build configuration list for PBXProject "Landmarks" */;
			compatibilityVersion = "Xcode 9.3";
			developmentRegion = en;
			hasScannedForEncodings = 0;
			knownRegions = (
				en,
				Base,
			);
			mainGroup = CCD561D525C1F758008449F9;
			productRefGroup = CCD561DF25C1F758008449F9 /* Products */;
			projectDirPath = "";
			projectRoot = "";
			targets = (
				CCD561DD25C1F758008449F9 /* Landmarks */,
				CCD561EE25C1F75C008449F9 /* LandmarksTests */,
				CCD561F925C1F75C008449F9 /* LandmarksUITests */,
			);
		};
/* End PBXProject section */

/* Begin PBXResourcesBuildPhase section */
		CCD561DC25C1F758008449F9 /* Resources */ = {
			isa = PBXResourcesBuildPhase;
			buildActionMask = 2147483647;
			files = (
				CCD561E925C1F75C008449F9 /* Preview Assets.xcassets in Resources */,
				CCD561E625C1F75C008449F9 /* Assets.xcassets in Resources */,
				CCF2445525E47230006B94F5 /* landmarkData.json in Resources */,
			);
			runOnlyForDeploymentPostprocessing = 0;
		};
		CCD561ED25C1F75C008449F9 /* Resources */ = {
			isa = PBXResourcesBuildPhase;
			buildActionMask = 2147483647;
			files = (
			);
			runOnlyForDeploymentPostprocessing = 0;
		};
		CCD561F825C1F75C008449F9 /* Resources */ = {
			isa = PBXResourcesBuildPhase;
			buildActionMask = 2147483647;
			files = (
			);
			runOnlyForDeploymentPostprocessing = 0;
		};
/* End PBXResourcesBuildPhase section */

/* Begin PBXSourcesBuildPhase section */
		CCD561DA25C1F758008449F9 /* Sources */ = {
			isa = PBXSourcesBuildPhase;
			buildActionMask = 2147483647;
			files = (
				CCD561E425C1F758008449F9 /* ContentView.swift in Sources */,
				CCBFE08225C9F94300CC4C90 /* MapView.swift in Sources */,
				CCD561E225C1F758008449F9 /* LandmarksApp.swift in Sources */,
				CC7DB5B525FF7DCB0094AAB8 /* FavoriteButton.swift in Sources */,
				CCF2447125ED298B006B94F5 /* LandmarkList.swift in Sources */,
				CCF2447625ED2C88006B94F5 /* LandmarkDetail.swift in Sources */,
				CCBFE07D25C9F7C600CC4C90 /* CircleImage.swift in Sources */,
				CCF2445A25E4724E006B94F5 /* Landmark.swift in Sources */,
				CCF2446925E477C1006B94F5 /* LandmarkRow.swift in Sources */,
				CCF2445F25E47528006B94F5 /* ModelData.swift in Sources */,
			);
			runOnlyForDeploymentPostprocessing = 0;
		};
		CCD561EB25C1F75C008449F9 /* Sources */ = {
			isa = PBXSourcesBuildPhase;
			buildActionMask = 2147483647;
			files = (
				CCD561F425C1F75C008449F9 /* LandmarksTests.swift in Sources */,
			);
			runOnlyForDeploymentPostprocessing = 0;
		};
		CCD561F625C1F75C008449F9 /* Sources */ = {
			isa = PBXSourcesBuildPhase;
			buildActionMask = 2147483647;
			files = (
				CCD561FF25C1F75C008449F9 /* LandmarksUITests.swift in Sources */,
			);
			runOnlyForDeploymentPostprocessing = 0;
		};
/* End PBXSourcesBuildPhase section */

/* Begin PBXTargetDependency section */
		CCD561F125C1F75C008449F9 /* PBXTargetDependency */ = {
			isa = PBXTargetDependency;
			target = CCD561DD25C1F758008449F9 /* Landmarks */;
			targetProxy = CCD561F025C1F75C008449F9 /* PBXContainerItemProxy */;
		};
		CCD561FC25C1F75C008449F9 /* PBXTargetDependency */ = {
			isa = PBXTargetDependency;
			target = CCD561DD25C1F758008449F9 /* Landmarks */;
			targetProxy = CCD561FB25C1F75C008449F9 /* PBXContainerItemProxy */;
		};
/* End PBXTargetDependency section */

/* Begin XCBuildConfiguration section */
		CCD5620125C1F75C008449F9 /* Debug */ = {
			isa = XCBuildConfiguration;
			buildSettings = {
				ALWAYS_SEARCH_USER_PATHS = NO;
				CLANG_ANALYZER_NONNULL = YES;
				CLANG_ANALYZER_NUMBER_OBJECT_CONVERSION = YES_AGGRESSIVE;
				CLANG_CXX_LANGUAGE_STANDARD = "gnu++14";
				CLANG_CXX_LIBRARY = "libc++";
				CLANG_ENABLE_MODULES = YES;
				CLANG_ENABLE_OBJC_ARC = YES;
				CLANG_ENABLE_OBJC_WEAK = YES;
				CLANG_WARN_BLOCK_CAPTURE_AUTORELEASING = YES;
				CLANG_WARN_BOOL_CONVERSION = YES;
				CLANG_WARN_COMMA = YES;
				CLANG_WARN_CONSTANT_CONVERSION = YES;
				CLANG_WARN_DEPRECATED_OBJC_IMPLEMENTATIONS = YES;
				CLANG_WARN_DIRECT_OBJC_ISA_USAGE = YES_ERROR;
				CLANG_WARN_DOCUMENTATION_COMMENTS = YES;
				CLANG_WARN_EMPTY_BODY = YES;
				CLANG_WARN_ENUM_CONVERSION = YES;
				CLANG_WARN_INFINITE_RECURSION = YES;
				CLANG_WARN_INT_CONVERSION = YES;
				CLANG_WARN_NON_LITERAL_NULL_CONVERSION = YES;
				CLANG_WARN_OBJC_IMPLICIT_RETAIN_SELF = YES;
				CLANG_WARN_OBJC_LITERAL_CONVERSION = YES;
				CLANG_WARN_OBJC_ROOT_CLASS = YES_ERROR;
				CLANG_WARN_QUOTED_INCLUDE_IN_FRAMEWORK_HEADER = YES;
				CLANG_WARN_RANGE_LOOP_ANALYSIS = YES;
				CLANG_WARN_STRICT_PROTOTYPES = YES;
				CLANG_WARN_SUSPICIOUS_MOVE = YES;
				CLANG_WARN_UNGUARDED_AVAILABILITY = YES_AGGRESSIVE;
				CLANG_WARN_UNREACHABLE_CODE = YES;
				CLANG_WARN__DUPLICATE_METHOD_MATCH = YES;
				COPY_PHASE_STRIP = NO;
				DEBUG_INFORMATION_FORMAT = dwarf;
				ENABLE_STRICT_OBJC_MSGSEND = YES;
				ENABLE_TESTABILITY = YES;
				GCC_C_LANGUAGE_STANDARD = gnu11;
				GCC_DYNAMIC_NO_PIC = NO;
				GCC_NO_COMMON_BLOCKS = YES;
				GCC_OPTIMIZATION_LEVEL = 0;
				GCC_PREPROCESSOR_DEFINITIONS = (
					"DEBUG=1",
					"$(inherited)",
				);
				GCC_WARN_64_TO_32_BIT_CONVERSION = YES;
				GCC_WARN_ABOUT_RETURN_TYPE = YES_ERROR;
				GCC_WARN_UNDECLARED_SELECTOR = YES;
				GCC_WARN_UNINITIALIZED_AUTOS = YES_AGGRESSIVE;
				GCC_WARN_UNUSED_FUNCTION = YES;
				GCC_WARN_UNUSED_VARIABLE = YES;
				IPHONEOS_DEPLOYMENT_TARGET = 14.3;
				MTL_ENABLE_DEBUG_INFO = INCLUDE_SOURCE;
				MTL_FAST_MATH = YES;
				ONLY_ACTIVE_ARCH = YES;
				SDKROOT = iphoneos;
				SWIFT_ACTIVE_COMPILATION_CONDITIONS = DEBUG;
				SWIFT_OPTIMIZATION_LEVEL = "-Onone";
			};
			name = Debug;
		};
		CCD5620225C1F75C008449F9 /* Release */ = {
			isa = XCBuildConfiguration;
			buildSettings = {
				ALWAYS_SEARCH_USER_PATHS = NO;
				CLANG_ANALYZER_NONNULL = YES;
				CLANG_ANALYZER_NUMBER_OBJECT_CONVERSION = YES_AGGRESSIVE;
				CLANG_CXX_LANGUAGE_STANDARD = "gnu++14";
				CLANG_CXX_LIBRARY = "libc++";
				CLANG_ENABLE_MODULES = YES;
				CLANG_ENABLE_OBJC_ARC = YES;
				CLANG_ENABLE_OBJC_WEAK = YES;
				CLANG_WARN_BLOCK_CAPTURE_AUTORELEASING = YES;
				CLANG_WARN_BOOL_CONVERSION = YES;
				CLANG_WARN_COMMA = YES;
				CLANG_WARN_CONSTANT_CONVERSION = YES;
				CLANG_WARN_DEPRECATED_OBJC_IMPLEMENTATIONS = YES;
				CLANG_WARN_DIRECT_OBJC_ISA_USAGE = YES_ERROR;
				CLANG_WARN_DOCUMENTATION_COMMENTS = YES;
				CLANG_WARN_EMPTY_BODY = YES;
				CLANG_WARN_ENUM_CONVERSION = YES;
				CLANG_WARN_INFINITE_RECURSION = YES;
				CLANG_WARN_INT_CONVERSION = YES;
				CLANG_WARN_NON_LITERAL_NULL_CONVERSION = YES;
				CLANG_WARN_OBJC_IMPLICIT_RETAIN_SELF = YES;
				CLANG_WARN_OBJC_LITERAL_CONVERSION = YES;
				CLANG_WARN_OBJC_ROOT_CLASS = YES_ERROR;
				CLANG_WARN_QUOTED_INCLUDE_IN_FRAMEWORK_HEADER = YES;
				CLANG_WARN_RANGE_LOOP_ANALYSIS = YES;
				CLANG_WARN_STRICT_PROTOTYPES = YES;
				CLANG_WARN_SUSPICIOUS_MOVE = YES;
				CLANG_WARN_UNGUARDED_AVAILABILITY = YES_AGGRESSIVE;
				CLANG_WARN_UNREACHABLE_CODE = YES;
				CLANG_WARN__DUPLICATE_METHOD_MATCH = YES;
				COPY_PHASE_STRIP = NO;
				DEBUG_INFORMATION_FORMAT = "dwarf-with-dsym";
				ENABLE_NS_ASSERTIONS = NO;
				ENABLE_STRICT_OBJC_MSGSEND = YES;
				GCC_C_LANGUAGE_STANDARD = gnu11;
				GCC_NO_COMMON_BLOCKS = YES;
				GCC_WARN_64_TO_32_BIT_CONVERSION = YES;
				GCC_WARN_ABOUT_RETURN_TYPE = YES_ERROR;
				GCC_WARN_UNDECLARED_SELECTOR = YES;
				GCC_WARN_UNINITIALIZED_AUTOS = YES_AGGRESSIVE;
				GCC_WARN_UNUSED_FUNCTION = YES;
				GCC_WARN_UNUSED_VARIABLE = YES;
				IPHONEOS_DEPLOYMENT_TARGET = 14.3;
				MTL_ENABLE_DEBUG_INFO = NO;
				MTL_FAST_MATH = YES;
				SDKROOT = iphoneos;
				SWIFT_COMPILATION_MODE = wholemodule;
				SWIFT_OPTIMIZATION_LEVEL = "-O";
				VALIDATE_PRODUCT = YES;
			};
			name = Release;
		};
		CCD5620425C1F75C008449F9 /* Debug */ = {
			isa = XCBuildConfiguration;
			buildSettings = {
				ASSETCATALOG_COMPILER_APPICON_NAME = AppIcon;
				ASSETCATALOG_COMPILER_GLOBAL_ACCENT_COLOR_NAME = AccentColor;
				CODE_SIGN_STYLE = Automatic;
				DEVELOPMENT_ASSET_PATHS = "\"Landmarks/Preview Content\"";
				ENABLE_PREVIEWS = YES;
				INFOPLIST_FILE = Landmarks/Info.plist;
				IPHONEOS_DEPLOYMENT_TARGET = 14.0;
				LD_RUNPATH_SEARCH_PATHS = (
					"$(inherited)",
					"@executable_path/Frameworks",
				);
				PRODUCT_BUNDLE_IDENTIFIER = "com.tutorial-apple.Landmarks";
				PRODUCT_NAME = "$(TARGET_NAME)";
				SWIFT_VERSION = 5.0;
				TARGETED_DEVICE_FAMILY = "1,2";
			};
			name = Debug;
		};
		CCD5620525C1F75C008449F9 /* Release */ = {
			isa = XCBuildConfiguration;
			buildSettings = {
				ASSETCATALOG_COMPILER_APPICON_NAME = AppIcon;
				ASSETCATALOG_COMPILER_GLOBAL_ACCENT_COLOR_NAME = AccentColor;
				CODE_SIGN_STYLE = Automatic;
				DEVELOPMENT_ASSET_PATHS = "\"Landmarks/Preview Content\"";
				ENABLE_PREVIEWS = YES;
				INFOPLIST_FILE = Landmarks/Info.plist;
				IPHONEOS_DEPLOYMENT_TARGET = 14.0;
				LD_RUNPATH_SEARCH_PATHS = (
					"$(inherited)",
					"@executable_path/Frameworks",
				);
				PRODUCT_BUNDLE_IDENTIFIER = "com.tutorial-apple.Landmarks";
				PRODUCT_NAME = "$(TARGET_NAME)";
				SWIFT_VERSION = 5.0;
				TARGETED_DEVICE_FAMILY = "1,2";
			};
			name = Release;
		};
		CCD5620725C1F75C008449F9 /* Debug */ = {
			isa = XCBuildConfiguration;
			buildSettings = {
				ALWAYS_EMBED_SWIFT_STANDARD_LIBRARIES = YES;
				BUNDLE_LOADER = "$(TEST_HOST)";
				CODE_SIGN_STYLE = Automatic;
				INFOPLIST_FILE = LandmarksTests/Info.plist;
				IPHONEOS_DEPLOYMENT_TARGET = 14.0;
				LD_RUNPATH_SEARCH_PATHS = (
					"$(inherited)",
					"@executable_path/Frameworks",
					"@loader_path/Frameworks",
				);
				PRODUCT_BUNDLE_IDENTIFIER = "com.tutorial-apple.LandmarksTests";
				PRODUCT_NAME = "$(TARGET_NAME)";
				SWIFT_VERSION = 5.0;
				TARGETED_DEVICE_FAMILY = "1,2";
				TEST_HOST = "$(BUILT_PRODUCTS_DIR)/Landmarks.app/Landmarks";
			};
			name = Debug;
		};
		CCD5620825C1F75C008449F9 /* Release */ = {
			isa = XCBuildConfiguration;
			buildSettings = {
				ALWAYS_EMBED_SWIFT_STANDARD_LIBRARIES = YES;
				BUNDLE_LOADER = "$(TEST_HOST)";
				CODE_SIGN_STYLE = Automatic;
				INFOPLIST_FILE = LandmarksTests/Info.plist;
				IPHONEOS_DEPLOYMENT_TARGET = 14.0;
				LD_RUNPATH_SEARCH_PATHS = (
					"$(inherited)",
					"@executable_path/Frameworks",
					"@loader_path/Frameworks",
				);
				PRODUCT_BUNDLE_IDENTIFIER = "com.tutorial-apple.LandmarksTests";
				PRODUCT_NAME = "$(TARGET_NAME)";
				SWIFT_VERSION = 5.0;
				TARGETED_DEVICE_FAMILY = "1,2";
				TEST_HOST = "$(BUILT_PRODUCTS_DIR)/Landmarks.app/Landmarks";
			};
			name = Release;
		};
		CCD5620A25C1F75C008449F9 /* Debug */ = {
			isa = XCBuildConfiguration;
			buildSettings = {
				ALWAYS_EMBED_SWIFT_STANDARD_LIBRARIES = YES;
				CODE_SIGN_STYLE = Automatic;
				INFOPLIST_FILE = LandmarksUITests/Info.plist;
				LD_RUNPATH_SEARCH_PATHS = (
					"$(inherited)",
					"@executable_path/Frameworks",
					"@loader_path/Frameworks",
				);
				PRODUCT_BUNDLE_IDENTIFIER = "com.tutorial-apple.LandmarksUITests";
				PRODUCT_NAME = "$(TARGET_NAME)";
				SWIFT_VERSION = 5.0;
				TARGETED_DEVICE_FAMILY = "1,2";
				TEST_TARGET_NAME = Landmarks;
			};
			name = Debug;
		};
		CCD5620B25C1F75C008449F9 /* Release */ = {
			isa = XCBuildConfiguration;
			buildSettings = {
				ALWAYS_EMBED_SWIFT_STANDARD_LIBRARIES = YES;
				CODE_SIGN_STYLE = Automatic;
				INFOPLIST_FILE = LandmarksUITests/Info.plist;
				LD_RUNPATH_SEARCH_PATHS = (
					"$(inherited)",
					"@executable_path/Frameworks",
					"@loader_path/Frameworks",
				);
				PRODUCT_BUNDLE_IDENTIFIER = "com.tutorial-apple.LandmarksUITests";
				PRODUCT_NAME = "$(TARGET_NAME)";
				SWIFT_VERSION = 5.0;
				TARGETED_DEVICE_FAMILY = "1,2";
				TEST_TARGET_NAME = Landmarks;
			};
			name = Release;
		};
/* End XCBuildConfiguration section */

/* Begin XCConfigurationList section */
		CCD561D925C1F758008449F9 /* Build configuration list for PBXProject "Landmarks" */ = {
			isa = XCConfigurationList;
			buildConfigurations = (
				CCD5620125C1F75C008449F9 /* Debug */,
				CCD5620225C1F75C008449F9 /* Release */,
			);
			defaultConfigurationIsVisible = 0;
			defaultConfigurationName = Release;
		};
		CCD5620325C1F75C008449F9 /* Build configuration list for PBXNativeTarget "Landmarks" */ = {
			isa = XCConfigurationList;
			buildConfigurations = (
				CCD5620425C1F75C008449F9 /* Debug */,
				CCD5620525C1F75C008449F9 /* Release */,
			);
			defaultConfigurationIsVisible = 0;
			defaultConfigurationName = Release;
		};
		CCD5620625C1F75C008449F9 /* Build configuration list for PBXNativeTarget "LandmarksTests" */ = {
			isa = XCConfigurationList;
			buildConfigurations = (
				CCD5620725C1F75C008449F9 /* Debug */,
				CCD5620825C1F75C008449F9 /* Release */,
			);
			defaultConfigurationIsVisible = 0;
			defaultConfigurationName = Release;
		};
		CCD5620925C1F75C008449F9 /* Build configuration list for PBXNativeTarget "LandmarksUITests" */ = {
			isa = XCConfigurationList;
			buildConfigurations = (
				CCD5620A25C1F75C008449F9 /* Debug */,
				CCD5620B25C1F75C008449F9 /* Release */,
			);
			defaultConfigurationIsVisible = 0;
			defaultConfigurationName = Release;
		};
/* End XCConfigurationList section */
	};
	rootObject = CCD561D625C1F758008449F9 /* Project object */;
}
